
Microsoft Visual Studio Solution File, Format Version 12.00
# Visual Studio Version 17
VisualStudioVersion = 17.6.33801.468
MinimumVisualStudioVersion = 10.0.40219.1
Project("{9A19103F-16F7-4668-BE54-9A1E7A4F7556}") = "01.C# Output", "01.C# Output\01.C# Output.csproj", "{40487CD4-6411-4FB2-AC97-068E0361D622}"
EndProject
Project("{FAE04EC0-301F-11D3-BF4B-00C04F79EFBC}") = "02.C# Variables", "02.C# Variables\02.C# Variables.csproj", "{988E5165-A872-4F80-A24E-89BB8470E67B}"
EndProject
Project("{FAE04EC0-301F-11D3-BF4B-00C04F79EFBC}") = "03.C# Constants", "03.C# Constants\03.C# Constants.csproj", "{7670C6FE-18E2-4E13-85EB-7D706F1AA69C}"
EndProject
Project("{FAE04EC0-301F-11D3-BF4B-00C04F79EFBC}") = "04.C# Type Casting", "04.C# Type Casting\04.C# Type Casting.csproj", "{79953F20-9AF3-4A8F-96B8-E224773CDF9A}"
EndProject
Global
	GlobalSection(SolutionConfigurationPlatforms) = preSolution
		Debug|Any CPU = Debug|Any CPU
		Release|Any CPU = Release|Any CPU
	EndGlobalSection
	GlobalSection(ProjectConfigurationPlatforms) = postSolution
		{40487CD4-6411-4FB2-AC97-068E0361D622}.Debug|Any CPU.ActiveCfg = Debug|Any CPU
		{40487CD4-6411-4FB2-AC97-068E0361D622}.Debug|Any CPU.Build.0 = Debug|Any CPU
		{40487CD4-6411-4FB2-AC97-068E0361D622}.Release|Any CPU.ActiveCfg = Release|Any CPU
		{40487CD4-6411-4FB2-AC97-068E0361D622}.Release|Any CPU.Build.0 = Release|Any CPU
		{988E5165-A872-4F80-A24E-89BB8470E67B}.Debug|Any CPU.ActiveCfg = Debug|Any CPU
		{988E5165-A872-4F80-A24E-89BB8470E67B}.Debug|Any CPU.Build.0 = Debug|Any CPU
		{988E5165-A872-4F80-A24E-89BB8470E67B}.Release|Any CPU.ActiveCfg = Release|Any CPU
		{988E5165-A872-4F80-A24E-89BB8470E67B}.Release|Any CPU.Build.0 = Release|Any CPU
		{7670C6FE-18E2-4E13-85EB-7D706F1AA69C}.Debug|Any CPU.ActiveCfg = Debug|Any CPU
		{7670C6FE-18E2-4E13-85EB-7D706F1AA69C}.Debug|Any CPU.Build.0 = Debug|Any CPU
		{7670C6FE-18E2-4E13-85EB-7D706F1AA69C}.Release|Any CPU.ActiveCfg = Release|Any CPU
		{7670C6FE-18E2-4E13-85EB-7D706F1AA69C}.Release|Any CPU.Build.0 = Release|Any CPU
		{79953F20-9AF3-4A8F-96B8-E224773CDF9A}.Debug|Any CPU.ActiveCfg = Debug|Any CPU
		{79953F20-9AF3-4A8F-96B8-E224773CDF9A}.Debug|Any CPU.Build.0 = Debug|Any CPU
		{79953F20-9AF3-4A8F-96B8-E224773CDF9A}.Release|Any CPU.ActiveCfg = Release|Any CPU
		{79953F20-9AF3-4A8F-96B8-E224773CDF9A}.Release|Any CPU.Build.0 = Release|Any CPU
	EndGlobalSection
	GlobalSection(SolutionProperties) = preSolution
		HideSolutionNode = FALSE
	EndGlobalSection
	GlobalSection(ExtensibilityGlobals) = postSolution
		SolutionGuid = {A2CAC306-0970-485D-84E3-12DFCA9B92C0}
	EndGlobalSection
EndGlobal
