
Microsoft Visual Studio Solution File, Format Version 12.00
# Visual Studio Version 17
VisualStudioVersion = 17.6.33801.468
MinimumVisualStudioVersion = 10.0.40219.1
Project("{9A19103F-16F7-4668-BE54-9A1E7A4F7556}") = "01.C# Output", "01.C# Output\01.C# Output.csproj", "{40487CD4-6411-4FB2-AC97-068E0361D622}"
EndProject
Project("{9A19103F-16F7-4668-BE54-9A1E7A4F7556}") = "02.C# Variables", "02.C# Variables\02.C# Variables.csproj", "{988E5165-A872-4F80-A24E-89BB8470E67B}"
EndProject
Project("{9A19103F-16F7-4668-BE54-9A1E7A4F7556}") = "03.C# Constants", "03.C# Constants\03.C# Constants.csproj", "{7670C6FE-18E2-4E13-85EB-7D706F1AA69C}"
EndProject
Project("{9A19103F-16F7-4668-BE54-9A1E7A4F7556}") = "04.C# Type Casting", "04.C# Type Casting\04.C# Type Casting.csproj", "{79953F20-9AF3-4A8F-96B8-E224773CDF9A}"
EndProject
Project("{9A19103F-16F7-4668-BE54-9A1E7A4F7556}") = "05.C# User Input", "05.C# User Input\05.C# User Input.csproj", "{EC571911-151E-445C-B409-319DC377F148}"
EndProject
Project("{9A19103F-16F7-4668-BE54-9A1E7A4F7556}") = "06.C# Arithmetic operators", "06.C# Arithmetic operators\06.C# Arithmetic operators.csproj", "{6DDA4F21-D59B-4685-A8D7-4BCCB563A411}"
EndProject
Project("{9A19103F-16F7-4668-BE54-9A1E7A4F7556}") = "07.C# Math Class", "07.C# Math Class\07.C# Math Class.csproj", "{4E0D1318-D516-445D-BD00-155206A435D1}"
EndProject
Project("{9A19103F-16F7-4668-BE54-9A1E7A4F7556}") = "08.C# RandomNumbers", "08.C# RandomNumbers\08.C# RandomNumbers.csproj", "{98175E91-77A2-47E3-9DC6-35F1F1A6F23E}"
EndProject
Project("{9A19103F-16F7-4668-BE54-9A1E7A4F7556}") = "09.C# HypotenuseCalculatorProgram", "09.C# HypotenuseCalculatorProgram\09.C# HypotenuseCalculatorProgram.csproj", "{80586F82-F4A9-4176-8EF8-5BD92B109F91}"
EndProject
Project("{9A19103F-16F7-4668-BE54-9A1E7A4F7556}") = "10.C# String Methods", "10.C# String Methods\10.C# String Methods.csproj", "{AF89B767-80F4-4387-AA32-75245EC74623}"
EndProject
Project("{9A19103F-16F7-4668-BE54-9A1E7A4F7556}") = "11.C# IF_Statements", "11.C# IF_Statements\11.C# IF_Statements.csproj", "{0359291A-FEE0-4FB3-8D7B-345F7993091A}"
EndProject
Project("{9A19103F-16F7-4668-BE54-9A1E7A4F7556}") = "12.C# Switches", "12.C# Switches\12.C# Switches.csproj", "{CA1BFC73-AC11-4001-AE0D-92980FD86632}"
EndProject
Project("{9A19103F-16F7-4668-BE54-9A1E7A4F7556}") = "13.C# LogicalOperators", "13.C# LogicalOperators\13.C# LogicalOperators.csproj", "{C0B2F87A-C9D0-4826-945B-3051423C27EB}"
EndProject
Project("{9A19103F-16F7-4668-BE54-9A1E7A4F7556}") = "14.C# WhileLoops", "14.C# WhileLoops\14.C# WhileLoops.csproj", "{7D95DA49-FE5A-4F83-9232-BA96F9C4875A}"
EndProject
Project("{9A19103F-16F7-4668-BE54-9A1E7A4F7556}") = "15.C# ForLoops", "15.C# ForLoops\15.C# ForLoops.csproj", "{4A1242F2-B644-44CA-9CFF-AF20CC893785}"
EndProject
Project("{FAE04EC0-301F-11D3-BF4B-00C04F79EFBC}") = "16.C# NestedLoops", "16.C# NestedLoops\16.C# NestedLoops.csproj", "{30522D0E-EA18-4284-9355-8BDFB3DD29F1}"
EndProject
Project("{FAE04EC0-301F-11D3-BF4B-00C04F79EFBC}") = "17.C# NumberGuessingGame", "17.C# NumberGuessingGame\17.C# NumberGuessingGame.csproj", "{41E17079-0D8A-4AB0-B86D-6C45D8666047}"
EndProject
Project("{FAE04EC0-301F-11D3-BF4B-00C04F79EFBC}") = "18.C# RockPaperScissorsGame", "18.C# RockPaperScissorsGame\18.C# RockPaperScissorsGame.csproj", "{0C0F666C-3027-4C22-9C7A-BCD7FEE3911D}"
EndProject
Project("{FAE04EC0-301F-11D3-BF4B-00C04F79EFBC}") = "19.C# CalculatorProgram", "19.C# CalculatorProgram\19.C# CalculatorProgram.csproj", "{9CFD9F05-35F8-4AE8-91F2-DD6C46B1F0F5}"
EndProject
Global
	GlobalSection(SolutionConfigurationPlatforms) = preSolution
		Debug|Any CPU = Debug|Any CPU
		Release|Any CPU = Release|Any CPU
	EndGlobalSection
	GlobalSection(ProjectConfigurationPlatforms) = postSolution
		{40487CD4-6411-4FB2-AC97-068E0361D622}.Debug|Any CPU.ActiveCfg = Debug|Any CPU
		{40487CD4-6411-4FB2-AC97-068E0361D622}.Debug|Any CPU.Build.0 = Debug|Any CPU
		{40487CD4-6411-4FB2-AC97-068E0361D622}.Release|Any CPU.ActiveCfg = Release|Any CPU
		{40487CD4-6411-4FB2-AC97-068E0361D622}.Release|Any CPU.Build.0 = Release|Any CPU
		{988E5165-A872-4F80-A24E-89BB8470E67B}.Debug|Any CPU.ActiveCfg = Debug|Any CPU
		{988E5165-A872-4F80-A24E-89BB8470E67B}.Debug|Any CPU.Build.0 = Debug|Any CPU
		{988E5165-A872-4F80-A24E-89BB8470E67B}.Release|Any CPU.ActiveCfg = Release|Any CPU
		{988E5165-A872-4F80-A24E-89BB8470E67B}.Release|Any CPU.Build.0 = Release|Any CPU
		{7670C6FE-18E2-4E13-85EB-7D706F1AA69C}.Debug|Any CPU.ActiveCfg = Debug|Any CPU
		{7670C6FE-18E2-4E13-85EB-7D706F1AA69C}.Debug|Any CPU.Build.0 = Debug|Any CPU
		{7670C6FE-18E2-4E13-85EB-7D706F1AA69C}.Release|Any CPU.ActiveCfg = Release|Any CPU
		{7670C6FE-18E2-4E13-85EB-7D706F1AA69C}.Release|Any CPU.Build.0 = Release|Any CPU
		{79953F20-9AF3-4A8F-96B8-E224773CDF9A}.Debug|Any CPU.ActiveCfg = Debug|Any CPU
		{79953F20-9AF3-4A8F-96B8-E224773CDF9A}.Debug|Any CPU.Build.0 = Debug|Any CPU
		{79953F20-9AF3-4A8F-96B8-E224773CDF9A}.Release|Any CPU.ActiveCfg = Release|Any CPU
		{79953F20-9AF3-4A8F-96B8-E224773CDF9A}.Release|Any CPU.Build.0 = Release|Any CPU
		{EC571911-151E-445C-B409-319DC377F148}.Debug|Any CPU.ActiveCfg = Debug|Any CPU
		{EC571911-151E-445C-B409-319DC377F148}.Debug|Any CPU.Build.0 = Debug|Any CPU
		{EC571911-151E-445C-B409-319DC377F148}.Release|Any CPU.ActiveCfg = Release|Any CPU
		{EC571911-151E-445C-B409-319DC377F148}.Release|Any CPU.Build.0 = Release|Any CPU
		{6DDA4F21-D59B-4685-A8D7-4BCCB563A411}.Debug|Any CPU.ActiveCfg = Debug|Any CPU
		{6DDA4F21-D59B-4685-A8D7-4BCCB563A411}.Debug|Any CPU.Build.0 = Debug|Any CPU
		{6DDA4F21-D59B-4685-A8D7-4BCCB563A411}.Release|Any CPU.ActiveCfg = Release|Any CPU
		{6DDA4F21-D59B-4685-A8D7-4BCCB563A411}.Release|Any CPU.Build.0 = Release|Any CPU
		{4E0D1318-D516-445D-BD00-155206A435D1}.Debug|Any CPU.ActiveCfg = Debug|Any CPU
		{4E0D1318-D516-445D-BD00-155206A435D1}.Debug|Any CPU.Build.0 = Debug|Any CPU
		{4E0D1318-D516-445D-BD00-155206A435D1}.Release|Any CPU.ActiveCfg = Release|Any CPU
		{4E0D1318-D516-445D-BD00-155206A435D1}.Release|Any CPU.Build.0 = Release|Any CPU
		{98175E91-77A2-47E3-9DC6-35F1F1A6F23E}.Debug|Any CPU.ActiveCfg = Debug|Any CPU
		{98175E91-77A2-47E3-9DC6-35F1F1A6F23E}.Debug|Any CPU.Build.0 = Debug|Any CPU
		{98175E91-77A2-47E3-9DC6-35F1F1A6F23E}.Release|Any CPU.ActiveCfg = Release|Any CPU
		{98175E91-77A2-47E3-9DC6-35F1F1A6F23E}.Release|Any CPU.Build.0 = Release|Any CPU
		{80586F82-F4A9-4176-8EF8-5BD92B109F91}.Debug|Any CPU.ActiveCfg = Debug|Any CPU
		{80586F82-F4A9-4176-8EF8-5BD92B109F91}.Debug|Any CPU.Build.0 = Debug|Any CPU
		{80586F82-F4A9-4176-8EF8-5BD92B109F91}.Release|Any CPU.ActiveCfg = Release|Any CPU
		{80586F82-F4A9-4176-8EF8-5BD92B109F91}.Release|Any CPU.Build.0 = Release|Any CPU
		{AF89B767-80F4-4387-AA32-75245EC74623}.Debug|Any CPU.ActiveCfg = Debug|Any CPU
		{AF89B767-80F4-4387-AA32-75245EC74623}.Debug|Any CPU.Build.0 = Debug|Any CPU
		{AF89B767-80F4-4387-AA32-75245EC74623}.Release|Any CPU.ActiveCfg = Release|Any CPU
		{AF89B767-80F4-4387-AA32-75245EC74623}.Release|Any CPU.Build.0 = Release|Any CPU
		{0359291A-FEE0-4FB3-8D7B-345F7993091A}.Debug|Any CPU.ActiveCfg = Debug|Any CPU
		{0359291A-FEE0-4FB3-8D7B-345F7993091A}.Debug|Any CPU.Build.0 = Debug|Any CPU
		{0359291A-FEE0-4FB3-8D7B-345F7993091A}.Release|Any CPU.ActiveCfg = Release|Any CPU
		{0359291A-FEE0-4FB3-8D7B-345F7993091A}.Release|Any CPU.Build.0 = Release|Any CPU
		{CA1BFC73-AC11-4001-AE0D-92980FD86632}.Debug|Any CPU.ActiveCfg = Debug|Any CPU
		{CA1BFC73-AC11-4001-AE0D-92980FD86632}.Debug|Any CPU.Build.0 = Debug|Any CPU
		{CA1BFC73-AC11-4001-AE0D-92980FD86632}.Release|Any CPU.ActiveCfg = Release|Any CPU
		{CA1BFC73-AC11-4001-AE0D-92980FD86632}.Release|Any CPU.Build.0 = Release|Any CPU
		{C0B2F87A-C9D0-4826-945B-3051423C27EB}.Debug|Any CPU.ActiveCfg = Debug|Any CPU
		{C0B2F87A-C9D0-4826-945B-3051423C27EB}.Debug|Any CPU.Build.0 = Debug|Any CPU
		{C0B2F87A-C9D0-4826-945B-3051423C27EB}.Release|Any CPU.ActiveCfg = Release|Any CPU
		{C0B2F87A-C9D0-4826-945B-3051423C27EB}.Release|Any CPU.Build.0 = Release|Any CPU
		{7D95DA49-FE5A-4F83-9232-BA96F9C4875A}.Debug|Any CPU.ActiveCfg = Debug|Any CPU
		{7D95DA49-FE5A-4F83-9232-BA96F9C4875A}.Debug|Any CPU.Build.0 = Debug|Any CPU
		{7D95DA49-FE5A-4F83-9232-BA96F9C4875A}.Release|Any CPU.ActiveCfg = Release|Any CPU
		{7D95DA49-FE5A-4F83-9232-BA96F9C4875A}.Release|Any CPU.Build.0 = Release|Any CPU
		{4A1242F2-B644-44CA-9CFF-AF20CC893785}.Debug|Any CPU.ActiveCfg = Debug|Any CPU
		{4A1242F2-B644-44CA-9CFF-AF20CC893785}.Debug|Any CPU.Build.0 = Debug|Any CPU
		{4A1242F2-B644-44CA-9CFF-AF20CC893785}.Release|Any CPU.ActiveCfg = Release|Any CPU
		{4A1242F2-B644-44CA-9CFF-AF20CC893785}.Release|Any CPU.Build.0 = Release|Any CPU
		{30522D0E-EA18-4284-9355-8BDFB3DD29F1}.Debug|Any CPU.ActiveCfg = Debug|Any CPU
		{30522D0E-EA18-4284-9355-8BDFB3DD29F1}.Debug|Any CPU.Build.0 = Debug|Any CPU
		{30522D0E-EA18-4284-9355-8BDFB3DD29F1}.Release|Any CPU.ActiveCfg = Release|Any CPU
		{30522D0E-EA18-4284-9355-8BDFB3DD29F1}.Release|Any CPU.Build.0 = Release|Any CPU
		{41E17079-0D8A-4AB0-B86D-6C45D8666047}.Debug|Any CPU.ActiveCfg = Debug|Any CPU
		{41E17079-0D8A-4AB0-B86D-6C45D8666047}.Debug|Any CPU.Build.0 = Debug|Any CPU
		{41E17079-0D8A-4AB0-B86D-6C45D8666047}.Release|Any CPU.ActiveCfg = Release|Any CPU
		{41E17079-0D8A-4AB0-B86D-6C45D8666047}.Release|Any CPU.Build.0 = Release|Any CPU
		{0C0F666C-3027-4C22-9C7A-BCD7FEE3911D}.Debug|Any CPU.ActiveCfg = Debug|Any CPU
		{0C0F666C-3027-4C22-9C7A-BCD7FEE3911D}.Debug|Any CPU.Build.0 = Debug|Any CPU
		{0C0F666C-3027-4C22-9C7A-BCD7FEE3911D}.Release|Any CPU.ActiveCfg = Release|Any CPU
		{0C0F666C-3027-4C22-9C7A-BCD7FEE3911D}.Release|Any CPU.Build.0 = Release|Any CPU
		{9CFD9F05-35F8-4AE8-91F2-DD6C46B1F0F5}.Debug|Any CPU.ActiveCfg = Debug|Any CPU
		{9CFD9F05-35F8-4AE8-91F2-DD6C46B1F0F5}.Debug|Any CPU.Build.0 = Debug|Any CPU
		{9CFD9F05-35F8-4AE8-91F2-DD6C46B1F0F5}.Release|Any CPU.ActiveCfg = Release|Any CPU
		{9CFD9F05-35F8-4AE8-91F2-DD6C46B1F0F5}.Release|Any CPU.Build.0 = Release|Any CPU
	EndGlobalSection
	GlobalSection(SolutionProperties) = preSolution
		HideSolutionNode = FALSE
	EndGlobalSection
	GlobalSection(ExtensibilityGlobals) = postSolution
		SolutionGuid = {A2CAC306-0970-485D-84E3-12DFCA9B92C0}
	EndGlobalSection
EndGlobal
